
Microsoft Visual Studio Solution File, Format Version 12.00
# Visual Studio 15
VisualStudioVersion = 15.0.26430.4
MinimumVisualStudioVersion = 10.0.40219.1
Project("{FAE04EC0-301F-11D3-BF4B-00C04F79EFBC}") = "UserProfiles.Api", "UserProfiles.Api\UserProfiles.Api.csproj", "{04C2ED29-3033-48F0-8D6F-9496C588F917}"
EndProject
Project("{00D1A9C2-B5F0-4AF3-8072-F6C62B433612}") = "UserProfiles.Database", "UserProfiles.Database\UserProfiles.Database.sqlproj", "{1A286E79-8336-43EC-8E38-B0DE0806A8C6}"
EndProject
Global
	GlobalSection(SolutionConfigurationPlatforms) = preSolution
		Debug|Any CPU = Debug|Any CPU
		Release|Any CPU = Release|Any CPU
	EndGlobalSection
	GlobalSection(ProjectConfigurationPlatforms) = postSolution
		{04C2ED29-3033-48F0-8D6F-9496C588F917}.Debug|Any CPU.ActiveCfg = Debug|Any CPU
		{04C2ED29-3033-48F0-8D6F-9496C588F917}.Debug|Any CPU.Build.0 = Debug|Any CPU
		{04C2ED29-3033-48F0-8D6F-9496C588F917}.Release|Any CPU.ActiveCfg = Release|Any CPU
		{04C2ED29-3033-48F0-8D6F-9496C588F917}.Release|Any CPU.Build.0 = Release|Any CPU
		{1A286E79-8336-43EC-8E38-B0DE0806A8C6}.Debug|Any CPU.ActiveCfg = Debug|Any CPU
		{1A286E79-8336-43EC-8E38-B0DE0806A8C6}.Debug|Any CPU.Build.0 = Debug|Any CPU
		{1A286E79-8336-43EC-8E38-B0DE0806A8C6}.Debug|Any CPU.Deploy.0 = Debug|Any CPU
		{1A286E79-8336-43EC-8E38-B0DE0806A8C6}.Release|Any CPU.ActiveCfg = Release|Any CPU
		{1A286E79-8336-43EC-8E38-B0DE0806A8C6}.Release|Any CPU.Build.0 = Release|Any CPU
		{1A286E79-8336-43EC-8E38-B0DE0806A8C6}.Release|Any CPU.Deploy.0 = Release|Any CPU
	EndGlobalSection
	GlobalSection(SolutionProperties) = preSolution
		HideSolutionNode = FALSE
	EndGlobalSection
EndGlobal
