
Microsoft Visual Studio Solution File, Format Version 12.00
# Visual Studio 15
VisualStudioVersion = 15.0.26430.4
MinimumVisualStudioVersion = 10.0.40219.1
Project("{FAE04EC0-301F-11D3-BF4B-00C04F79EFBC}") = "UserProfiles.Api", "UserProfiles.Api\UserProfiles.Api.csproj", "{E48192DA-50E2-403A-B916-75F7717E889D}"
EndProject
Project("{FAE04EC0-301F-11D3-BF4B-00C04F79EFBC}") = "UserProfile.DataAccess", "UserProfile.DataAccess\UserProfile.DataAccess.csproj", "{B3DFAA9E-4E89-450B-B840-EBFE628CC0A7}"
EndProject
Global
	GlobalSection(SolutionConfigurationPlatforms) = preSolution
		Debug|Any CPU = Debug|Any CPU
		Release|Any CPU = Release|Any CPU
	EndGlobalSection
	GlobalSection(ProjectConfigurationPlatforms) = postSolution
		{E48192DA-50E2-403A-B916-75F7717E889D}.Debug|Any CPU.ActiveCfg = Debug|Any CPU
		{E48192DA-50E2-403A-B916-75F7717E889D}.Debug|Any CPU.Build.0 = Debug|Any CPU
		{E48192DA-50E2-403A-B916-75F7717E889D}.Release|Any CPU.ActiveCfg = Release|Any CPU
		{E48192DA-50E2-403A-B916-75F7717E889D}.Release|Any CPU.Build.0 = Release|Any CPU
		{B3DFAA9E-4E89-450B-B840-EBFE628CC0A7}.Debug|Any CPU.ActiveCfg = Debug|Any CPU
		{B3DFAA9E-4E89-450B-B840-EBFE628CC0A7}.Debug|Any CPU.Build.0 = Debug|Any CPU
		{B3DFAA9E-4E89-450B-B840-EBFE628CC0A7}.Release|Any CPU.ActiveCfg = Release|Any CPU
		{B3DFAA9E-4E89-450B-B840-EBFE628CC0A7}.Release|Any CPU.Build.0 = Release|Any CPU
	EndGlobalSection
	GlobalSection(SolutionProperties) = preSolution
		HideSolutionNode = FALSE
	EndGlobalSection
EndGlobal
